// !$*UTF8*$!
{
	archiveVersion = 1;
	classes = {
	};
	objectVersion = 50;
	objects = {

/* Begin PBXBuildFile section */
		0A65C1732230343400C0676D /* NetworkModel.swift in Sources */ = {isa = PBXBuildFile; fileRef = 0A65C1722230343400C0676D /* NetworkModel.swift */; };
		0A65C175223034E900C0676D /* LocationModel.swift in Sources */ = {isa = PBXBuildFile; fileRef = 0A65C174223034E900C0676D /* LocationModel.swift */; };
		0AD9B672222C20CE00353A83 /* CityBikeViewController.swift in Sources */ = {isa = PBXBuildFile; fileRef = 0AD9B671222C20CE00353A83 /* CityBikeViewController.swift */; };
		0AEA5F2B222B166E00DCACB5 /* AppDelegate.swift in Sources */ = {isa = PBXBuildFile; fileRef = 0AEA5F2A222B166E00DCACB5 /* AppDelegate.swift */; };
		0AEA5F2D222B166E00DCACB5 /* ViewController.swift in Sources */ = {isa = PBXBuildFile; fileRef = 0AEA5F2C222B166E00DCACB5 /* ViewController.swift */; };
		0AEA5F30222B166E00DCACB5 /* Main.storyboard in Resources */ = {isa = PBXBuildFile; fileRef = 0AEA5F2E222B166E00DCACB5 /* Main.storyboard */; };
		0AEA5F32222B167000DCACB5 /* Assets.xcassets in Resources */ = {isa = PBXBuildFile; fileRef = 0AEA5F31222B167000DCACB5 /* Assets.xcassets */; };
		0AEA5F35222B167000DCACB5 /* LaunchScreen.storyboard in Resources */ = {isa = PBXBuildFile; fileRef = 0AEA5F33222B167000DCACB5 /* LaunchScreen.storyboard */; };
		0AEA5F40222B167100DCACB5 /* BisBisTests.swift in Sources */ = {isa = PBXBuildFile; fileRef = 0AEA5F3F222B167100DCACB5 /* BisBisTests.swift */; };
		0AEA5F4B222B167100DCACB5 /* BisBisUITests.swift in Sources */ = {isa = PBXBuildFile; fileRef = 0AEA5F4A222B167100DCACB5 /* BisBisUITests.swift */; };
		0AEA5F5D222B2E5600DCACB5 /* GoogleService-Info.plist in Resources */ = {isa = PBXBuildFile; fileRef = 0AEA5F5C222B2E5600DCACB5 /* GoogleService-Info.plist */; };
		0AEA5F5F222B2F8300DCACB5 /* SignupViewController.swift in Sources */ = {isa = PBXBuildFile; fileRef = 0AEA5F5E222B2F8300DCACB5 /* SignupViewController.swift */; };
		0AEA5F61222B31D800DCACB5 /* LoginViewController.swift in Sources */ = {isa = PBXBuildFile; fileRef = 0AEA5F60222B31D800DCACB5 /* LoginViewController.swift */; };
		0AEA5F63222BC3BF00DCACB5 /* UserModel.swift in Sources */ = {isa = PBXBuildFile; fileRef = 0AEA5F62222BC3BF00DCACB5 /* UserModel.swift */; };
		0AEA5F66222BE97500DCACB5 /* FirebaseAuth.swift in Sources */ = {isa = PBXBuildFile; fileRef = 0AEA5F65222BE97500DCACB5 /* FirebaseAuth.swift */; };
		0AEA5F6A222BF18100DCACB5 /* AlertHelper.swift in Sources */ = {isa = PBXBuildFile; fileRef = 0AEA5F69222BF18100DCACB5 /* AlertHelper.swift */; };
		0AEA5F6C222BF59100DCACB5 /* ResponseModel.swift in Sources */ = {isa = PBXBuildFile; fileRef = 0AEA5F6B222BF59100DCACB5 /* ResponseModel.swift */; };
		0AEA5F6E222BF68A00DCACB5 /* AlertModel.swift in Sources */ = {isa = PBXBuildFile; fileRef = 0AEA5F6D222BF68A00DCACB5 /* AlertModel.swift */; };
		0AEA5F70222C171B00DCACB5 /* ForgetPasswordViewController.swift in Sources */ = {isa = PBXBuildFile; fileRef = 0AEA5F6F222C171B00DCACB5 /* ForgetPasswordViewController.swift */; };
		0AEA5F74222C1EBB00DCACB5 /* Citybikes.swift in Sources */ = {isa = PBXBuildFile; fileRef = 0AEA5F73222C1EBB00DCACB5 /* Citybikes.swift */; };
		65798C4CE4C898E95116A1A2 /* Pods_BisBis.framework in Frameworks */ = {isa = PBXBuildFile; fileRef = 532C04F5F770E1EF2C5D668C /* Pods_BisBis.framework */; };
		7B54091FBF77C57452EE0662 /* Pods_BisBisTests.framework in Frameworks */ = {isa = PBXBuildFile; fileRef = 9AB555831E029EF570F24B97 /* Pods_BisBisTests.framework */; };
		839BB3C230D83E56240E520D /* Pods_BisBisUITests.framework in Frameworks */ = {isa = PBXBuildFile; fileRef = 0440EE7D0BB5B378ACDFD8E6 /* Pods_BisBisUITests.framework */; };
/* End PBXBuildFile section */

/* Begin PBXContainerItemProxy section */
		0AEA5F3C222B167100DCACB5 /* PBXContainerItemProxy */ = {
			isa = PBXContainerItemProxy;
			containerPortal = 0AEA5F1F222B166E00DCACB5 /* Project object */;
			proxyType = 1;
			remoteGlobalIDString = 0AEA5F26222B166E00DCACB5;
			remoteInfo = BisBis;
		};
		0AEA5F47222B167100DCACB5 /* PBXContainerItemProxy */ = {
			isa = PBXContainerItemProxy;
			containerPortal = 0AEA5F1F222B166E00DCACB5 /* Project object */;
			proxyType = 1;
			remoteGlobalIDString = 0AEA5F26222B166E00DCACB5;
			remoteInfo = BisBis;
		};
/* End PBXContainerItemProxy section */

/* Begin PBXFileReference section */
		0440EE7D0BB5B378ACDFD8E6 /* Pods_BisBisUITests.framework */ = {isa = PBXFileReference; explicitFileType = wrapper.framework; includeInIndex = 0; path = Pods_BisBisUITests.framework; sourceTree = BUILT_PRODUCTS_DIR; };
		0A65C1722230343400C0676D /* NetworkModel.swift */ = {isa = PBXFileReference; lastKnownFileType = sourcecode.swift; path = NetworkModel.swift; sourceTree = "<group>"; };
		0A65C174223034E900C0676D /* LocationModel.swift */ = {isa = PBXFileReference; lastKnownFileType = sourcecode.swift; path = LocationModel.swift; sourceTree = "<group>"; };
		0AD9B671222C20CE00353A83 /* CityBikeViewController.swift */ = {isa = PBXFileReference; lastKnownFileType = sourcecode.swift; path = CityBikeViewController.swift; sourceTree = "<group>"; };
		0AEA5F27222B166E00DCACB5 /* BisBis.app */ = {isa = PBXFileReference; explicitFileType = wrapper.application; includeInIndex = 0; path = BisBis.app; sourceTree = BUILT_PRODUCTS_DIR; };
		0AEA5F2A222B166E00DCACB5 /* AppDelegate.swift */ = {isa = PBXFileReference; lastKnownFileType = sourcecode.swift; path = AppDelegate.swift; sourceTree = "<group>"; };
		0AEA5F2C222B166E00DCACB5 /* ViewController.swift */ = {isa = PBXFileReference; lastKnownFileType = sourcecode.swift; path = ViewController.swift; sourceTree = "<group>"; };
		0AEA5F2F222B166E00DCACB5 /* Base */ = {isa = PBXFileReference; lastKnownFileType = file.storyboard; name = Base; path = Base.lproj/Main.storyboard; sourceTree = "<group>"; };
		0AEA5F31222B167000DCACB5 /* Assets.xcassets */ = {isa = PBXFileReference; lastKnownFileType = folder.assetcatalog; path = Assets.xcassets; sourceTree = "<group>"; };
		0AEA5F34222B167000DCACB5 /* Base */ = {isa = PBXFileReference; lastKnownFileType = file.storyboard; name = Base; path = Base.lproj/LaunchScreen.storyboard; sourceTree = "<group>"; };
		0AEA5F36222B167000DCACB5 /* Info.plist */ = {isa = PBXFileReference; lastKnownFileType = text.plist.xml; path = Info.plist; sourceTree = "<group>"; };
		0AEA5F3B222B167100DCACB5 /* BisBisTests.xctest */ = {isa = PBXFileReference; explicitFileType = wrapper.cfbundle; includeInIndex = 0; path = BisBisTests.xctest; sourceTree = BUILT_PRODUCTS_DIR; };
		0AEA5F3F222B167100DCACB5 /* BisBisTests.swift */ = {isa = PBXFileReference; lastKnownFileType = sourcecode.swift; path = BisBisTests.swift; sourceTree = "<group>"; };
		0AEA5F41222B167100DCACB5 /* Info.plist */ = {isa = PBXFileReference; lastKnownFileType = text.plist.xml; path = Info.plist; sourceTree = "<group>"; };
		0AEA5F46222B167100DCACB5 /* BisBisUITests.xctest */ = {isa = PBXFileReference; explicitFileType = wrapper.cfbundle; includeInIndex = 0; path = BisBisUITests.xctest; sourceTree = BUILT_PRODUCTS_DIR; };
		0AEA5F4A222B167100DCACB5 /* BisBisUITests.swift */ = {isa = PBXFileReference; lastKnownFileType = sourcecode.swift; path = BisBisUITests.swift; sourceTree = "<group>"; };
		0AEA5F4C222B167100DCACB5 /* Info.plist */ = {isa = PBXFileReference; lastKnownFileType = text.plist.xml; path = Info.plist; sourceTree = "<group>"; };
		0AEA5F5C222B2E5600DCACB5 /* GoogleService-Info.plist */ = {isa = PBXFileReference; fileEncoding = 4; lastKnownFileType = text.plist.xml; path = "GoogleService-Info.plist"; sourceTree = "<group>"; };
		0AEA5F5E222B2F8300DCACB5 /* SignupViewController.swift */ = {isa = PBXFileReference; lastKnownFileType = sourcecode.swift; path = SignupViewController.swift; sourceTree = "<group>"; };
		0AEA5F60222B31D800DCACB5 /* LoginViewController.swift */ = {isa = PBXFileReference; lastKnownFileType = sourcecode.swift; path = LoginViewController.swift; sourceTree = "<group>"; };
		0AEA5F62222BC3BF00DCACB5 /* UserModel.swift */ = {isa = PBXFileReference; lastKnownFileType = sourcecode.swift; path = UserModel.swift; sourceTree = "<group>"; };
		0AEA5F65222BE97500DCACB5 /* FirebaseAuth.swift */ = {isa = PBXFileReference; lastKnownFileType = sourcecode.swift; path = FirebaseAuth.swift; sourceTree = "<group>"; };
		0AEA5F69222BF18100DCACB5 /* AlertHelper.swift */ = {isa = PBXFileReference; lastKnownFileType = sourcecode.swift; path = AlertHelper.swift; sourceTree = "<group>"; };
		0AEA5F6B222BF59100DCACB5 /* ResponseModel.swift */ = {isa = PBXFileReference; lastKnownFileType = sourcecode.swift; path = ResponseModel.swift; sourceTree = "<group>"; };
		0AEA5F6D222BF68A00DCACB5 /* AlertModel.swift */ = {isa = PBXFileReference; lastKnownFileType = sourcecode.swift; path = AlertModel.swift; sourceTree = "<group>"; };
		0AEA5F6F222C171B00DCACB5 /* ForgetPasswordViewController.swift */ = {isa = PBXFileReference; lastKnownFileType = sourcecode.swift; path = ForgetPasswordViewController.swift; sourceTree = "<group>"; };
		0AEA5F73222C1EBB00DCACB5 /* Citybikes.swift */ = {isa = PBXFileReference; lastKnownFileType = sourcecode.swift; path = Citybikes.swift; sourceTree = "<group>"; };
		3A80B8040AE3DE71519AB036 /* Pods-BisBisTests.release.xcconfig */ = {isa = PBXFileReference; includeInIndex = 1; lastKnownFileType = text.xcconfig; name = "Pods-BisBisTests.release.xcconfig"; path = "Pods/Target Support Files/Pods-BisBisTests/Pods-BisBisTests.release.xcconfig"; sourceTree = "<group>"; };
		489228BC1EFB974DE4094AF6 /* Pods-BisBis.debug.xcconfig */ = {isa = PBXFileReference; includeInIndex = 1; lastKnownFileType = text.xcconfig; name = "Pods-BisBis.debug.xcconfig"; path = "Pods/Target Support Files/Pods-BisBis/Pods-BisBis.debug.xcconfig"; sourceTree = "<group>"; };
		4F6C419EE3D52C8A0002972F /* Pods-BisBisUITests.release.xcconfig */ = {isa = PBXFileReference; includeInIndex = 1; lastKnownFileType = text.xcconfig; name = "Pods-BisBisUITests.release.xcconfig"; path = "Pods/Target Support Files/Pods-BisBisUITests/Pods-BisBisUITests.release.xcconfig"; sourceTree = "<group>"; };
		532C04F5F770E1EF2C5D668C /* Pods_BisBis.framework */ = {isa = PBXFileReference; explicitFileType = wrapper.framework; includeInIndex = 0; path = Pods_BisBis.framework; sourceTree = BUILT_PRODUCTS_DIR; };
		9AB555831E029EF570F24B97 /* Pods_BisBisTests.framework */ = {isa = PBXFileReference; explicitFileType = wrapper.framework; includeInIndex = 0; path = Pods_BisBisTests.framework; sourceTree = BUILT_PRODUCTS_DIR; };
		D6FB8278B55F9FBB02EFC5D8 /* Pods-BisBisUITests.debug.xcconfig */ = {isa = PBXFileReference; includeInIndex = 1; lastKnownFileType = text.xcconfig; name = "Pods-BisBisUITests.debug.xcconfig"; path = "Pods/Target Support Files/Pods-BisBisUITests/Pods-BisBisUITests.debug.xcconfig"; sourceTree = "<group>"; };
		E20943665D596D6907994496 /* Pods-BisBisTests.debug.xcconfig */ = {isa = PBXFileReference; includeInIndex = 1; lastKnownFileType = text.xcconfig; name = "Pods-BisBisTests.debug.xcconfig"; path = "Pods/Target Support Files/Pods-BisBisTests/Pods-BisBisTests.debug.xcconfig"; sourceTree = "<group>"; };
		ED79AA0FA3E1067B7C49CE39 /* Pods-BisBis.release.xcconfig */ = {isa = PBXFileReference; includeInIndex = 1; lastKnownFileType = text.xcconfig; name = "Pods-BisBis.release.xcconfig"; path = "Pods/Target Support Files/Pods-BisBis/Pods-BisBis.release.xcconfig"; sourceTree = "<group>"; };
/* End PBXFileReference section */

/* Begin PBXFrameworksBuildPhase section */
		0AEA5F24222B166E00DCACB5 /* Frameworks */ = {
			isa = PBXFrameworksBuildPhase;
			buildActionMask = 2147483647;
			files = (
				65798C4CE4C898E95116A1A2 /* Pods_BisBis.framework in Frameworks */,
			);
			runOnlyForDeploymentPostprocessing = 0;
		};
		0AEA5F38222B167100DCACB5 /* Frameworks */ = {
			isa = PBXFrameworksBuildPhase;
			buildActionMask = 2147483647;
			files = (
				7B54091FBF77C57452EE0662 /* Pods_BisBisTests.framework in Frameworks */,
			);
			runOnlyForDeploymentPostprocessing = 0;
		};
		0AEA5F43222B167100DCACB5 /* Frameworks */ = {
			isa = PBXFrameworksBuildPhase;
			buildActionMask = 2147483647;
			files = (
				839BB3C230D83E56240E520D /* Pods_BisBisUITests.framework in Frameworks */,
			);
			runOnlyForDeploymentPostprocessing = 0;
		};
/* End PBXFrameworksBuildPhase section */

/* Begin PBXGroup section */
		0AEA5F1E222B166E00DCACB5 = {
			isa = PBXGroup;
			children = (
				0AEA5F29222B166E00DCACB5 /* BisBis */,
				0AEA5F3E222B167100DCACB5 /* BisBisTests */,
				0AEA5F49222B167100DCACB5 /* BisBisUITests */,
				0AEA5F28222B166E00DCACB5 /* Products */,
				56C2E806CD917E6DA016001D /* Pods */,
				C19DBCFC1C97BDAA5D0B4887 /* Frameworks */,
			);
			sourceTree = "<group>";
		};
		0AEA5F28222B166E00DCACB5 /* Products */ = {
			isa = PBXGroup;
			children = (
				0AEA5F27222B166E00DCACB5 /* BisBis.app */,
				0AEA5F3B222B167100DCACB5 /* BisBisTests.xctest */,
				0AEA5F46222B167100DCACB5 /* BisBisUITests.xctest */,
			);
			name = Products;
			sourceTree = "<group>";
		};
		0AEA5F29222B166E00DCACB5 /* BisBis */ = {
			isa = PBXGroup;
			children = (
				0AEA5F71222C1E4500DCACB5 /* Services */,
				0AEA5F5B222B1FC500DCACB5 /* Helper */,
				0AEA5F5A222B1FB600DCACB5 /* Controller */,
				0AEA5F59222B1B3500DCACB5 /* View */,
				0AEA5F58222B1B1400DCACB5 /* Model */,
				0AEA5F2A222B166E00DCACB5 /* AppDelegate.swift */,
				0AEA5F2C222B166E00DCACB5 /* ViewController.swift */,
				0AEA5F2E222B166E00DCACB5 /* Main.storyboard */,
				0AEA5F31222B167000DCACB5 /* Assets.xcassets */,
				0AEA5F33222B167000DCACB5 /* LaunchScreen.storyboard */,
				0AEA5F36222B167000DCACB5 /* Info.plist */,
				0AEA5F5C222B2E5600DCACB5 /* GoogleService-Info.plist */,
			);
			path = BisBis;
			sourceTree = "<group>";
		};
		0AEA5F3E222B167100DCACB5 /* BisBisTests */ = {
			isa = PBXGroup;
			children = (
				0AEA5F3F222B167100DCACB5 /* BisBisTests.swift */,
				0AEA5F41222B167100DCACB5 /* Info.plist */,
			);
			path = BisBisTests;
			sourceTree = "<group>";
		};
		0AEA5F49222B167100DCACB5 /* BisBisUITests */ = {
			isa = PBXGroup;
			children = (
				0AEA5F4A222B167100DCACB5 /* BisBisUITests.swift */,
				0AEA5F4C222B167100DCACB5 /* Info.plist */,
			);
			path = BisBisUITests;
			sourceTree = "<group>";
		};
		0AEA5F58222B1B1400DCACB5 /* Model */ = {
			isa = PBXGroup;
			children = (
				0AEA5F62222BC3BF00DCACB5 /* UserModel.swift */,
				0AEA5F6B222BF59100DCACB5 /* ResponseModel.swift */,
				0AEA5F6D222BF68A00DCACB5 /* AlertModel.swift */,
				0A65C1722230343400C0676D /* NetworkModel.swift */,
				0A65C174223034E900C0676D /* LocationModel.swift */,
			);
			path = Model;
			sourceTree = "<group>";
		};
		0AEA5F59222B1B3500DCACB5 /* View */ = {
			isa = PBXGroup;
			children = (
			);
			path = View;
			sourceTree = "<group>";
		};
		0AEA5F5A222B1FB600DCACB5 /* Controller */ = {
			isa = PBXGroup;
			children = (
				0AEA5F5E222B2F8300DCACB5 /* SignupViewController.swift */,
				0AEA5F60222B31D800DCACB5 /* LoginViewController.swift */,
				0AEA5F6F222C171B00DCACB5 /* ForgetPasswordViewController.swift */,
				0AD9B671222C20CE00353A83 /* CityBikeViewController.swift */,
			);
			path = Controller;
			sourceTree = "<group>";
		};
		0AEA5F5B222B1FC500DCACB5 /* Helper */ = {
			isa = PBXGroup;
			children = (
				0AEA5F69222BF18100DCACB5 /* AlertHelper.swift */,
			);
			path = Helper;
			sourceTree = "<group>";
		};
		0AEA5F64222BE93D00DCACB5 /* Firebase */ = {
			isa = PBXGroup;
			children = (
				0AEA5F65222BE97500DCACB5 /* FirebaseAuth.swift */,
			);
			path = Firebase;
			sourceTree = "<group>";
		};
		0AEA5F71222C1E4500DCACB5 /* Services */ = {
			isa = PBXGroup;
			children = (
				0AEA5F72222C1E6A00DCACB5 /* CityBikes */,
				0AEA5F64222BE93D00DCACB5 /* Firebase */,
			);
			path = Services;
			sourceTree = "<group>";
		};
		0AEA5F72222C1E6A00DCACB5 /* CityBikes */ = {
			isa = PBXGroup;
			children = (
				0AEA5F73222C1EBB00DCACB5 /* Citybikes.swift */,
			);
			path = CityBikes;
			sourceTree = "<group>";
		};
		56C2E806CD917E6DA016001D /* Pods */ = {
			isa = PBXGroup;
			children = (
				489228BC1EFB974DE4094AF6 /* Pods-BisBis.debug.xcconfig */,
				ED79AA0FA3E1067B7C49CE39 /* Pods-BisBis.release.xcconfig */,
				E20943665D596D6907994496 /* Pods-BisBisTests.debug.xcconfig */,
				3A80B8040AE3DE71519AB036 /* Pods-BisBisTests.release.xcconfig */,
				D6FB8278B55F9FBB02EFC5D8 /* Pods-BisBisUITests.debug.xcconfig */,
				4F6C419EE3D52C8A0002972F /* Pods-BisBisUITests.release.xcconfig */,
			);
			name = Pods;
			sourceTree = "<group>";
		};
		C19DBCFC1C97BDAA5D0B4887 /* Frameworks */ = {
			isa = PBXGroup;
			children = (
				532C04F5F770E1EF2C5D668C /* Pods_BisBis.framework */,
				9AB555831E029EF570F24B97 /* Pods_BisBisTests.framework */,
				0440EE7D0BB5B378ACDFD8E6 /* Pods_BisBisUITests.framework */,
			);
			name = Frameworks;
			sourceTree = "<group>";
		};
/* End PBXGroup section */

/* Begin PBXNativeTarget section */
		0AEA5F26222B166E00DCACB5 /* BisBis */ = {
			isa = PBXNativeTarget;
			buildConfigurationList = 0AEA5F4F222B167100DCACB5 /* Build configuration list for PBXNativeTarget "BisBis" */;
			buildPhases = (
				8B9E62394BB72BB610B94AB5 /* [CP] Check Pods Manifest.lock */,
				0AEA5F23222B166E00DCACB5 /* Sources */,
				0AEA5F24222B166E00DCACB5 /* Frameworks */,
				0AEA5F25222B166E00DCACB5 /* Resources */,
				060C397198E1B622647129A6 /* [CP] Embed Pods Frameworks */,
			);
			buildRules = (
			);
			dependencies = (
			);
			name = BisBis;
			productName = BisBis;
			productReference = 0AEA5F27222B166E00DCACB5 /* BisBis.app */;
			productType = "com.apple.product-type.application";
		};
		0AEA5F3A222B167100DCACB5 /* BisBisTests */ = {
			isa = PBXNativeTarget;
			buildConfigurationList = 0AEA5F52222B167100DCACB5 /* Build configuration list for PBXNativeTarget "BisBisTests" */;
			buildPhases = (
				952BF23362BB9C2D71629B7C /* [CP] Check Pods Manifest.lock */,
				0AEA5F37222B167100DCACB5 /* Sources */,
				0AEA5F38222B167100DCACB5 /* Frameworks */,
				0AEA5F39222B167100DCACB5 /* Resources */,
			);
			buildRules = (
			);
			dependencies = (
				0AEA5F3D222B167100DCACB5 /* PBXTargetDependency */,
			);
			name = BisBisTests;
			productName = BisBisTests;
			productReference = 0AEA5F3B222B167100DCACB5 /* BisBisTests.xctest */;
			productType = "com.apple.product-type.bundle.unit-test";
		};
		0AEA5F45222B167100DCACB5 /* BisBisUITests */ = {
			isa = PBXNativeTarget;
			buildConfigurationList = 0AEA5F55222B167100DCACB5 /* Build configuration list for PBXNativeTarget "BisBisUITests" */;
			buildPhases = (
				27B579B34D36394E75A23D54 /* [CP] Check Pods Manifest.lock */,
				0AEA5F42222B167100DCACB5 /* Sources */,
				0AEA5F43222B167100DCACB5 /* Frameworks */,
				0AEA5F44222B167100DCACB5 /* Resources */,
			);
			buildRules = (
			);
			dependencies = (
				0AEA5F48222B167100DCACB5 /* PBXTargetDependency */,
			);
			name = BisBisUITests;
			productName = BisBisUITests;
			productReference = 0AEA5F46222B167100DCACB5 /* BisBisUITests.xctest */;
			productType = "com.apple.product-type.bundle.ui-testing";
		};
/* End PBXNativeTarget section */

/* Begin PBXProject section */
		0AEA5F1F222B166E00DCACB5 /* Project object */ = {
			isa = PBXProject;
			attributes = {
				LastSwiftUpdateCheck = 1010;
				LastUpgradeCheck = 1010;
				ORGANIZATIONNAME = "Yakup Ad";
				TargetAttributes = {
					0AEA5F26222B166E00DCACB5 = {
						CreatedOnToolsVersion = 10.1;
					};
					0AEA5F3A222B167100DCACB5 = {
						CreatedOnToolsVersion = 10.1;
						TestTargetID = 0AEA5F26222B166E00DCACB5;
					};
					0AEA5F45222B167100DCACB5 = {
						CreatedOnToolsVersion = 10.1;
						TestTargetID = 0AEA5F26222B166E00DCACB5;
					};
				};
			};
			buildConfigurationList = 0AEA5F22222B166E00DCACB5 /* Build configuration list for PBXProject "BisBis" */;
			compatibilityVersion = "Xcode 9.3";
			developmentRegion = en;
			hasScannedForEncodings = 0;
			knownRegions = (
				en,
				Base,
			);
			mainGroup = 0AEA5F1E222B166E00DCACB5;
			productRefGroup = 0AEA5F28222B166E00DCACB5 /* Products */;
			projectDirPath = "";
			projectRoot = "";
			targets = (
				0AEA5F26222B166E00DCACB5 /* BisBis */,
				0AEA5F3A222B167100DCACB5 /* BisBisTests */,
				0AEA5F45222B167100DCACB5 /* BisBisUITests */,
			);
		};
/* End PBXProject section */

/* Begin PBXResourcesBuildPhase section */
		0AEA5F25222B166E00DCACB5 /* Resources */ = {
			isa = PBXResourcesBuildPhase;
			buildActionMask = 2147483647;
			files = (
				0AEA5F35222B167000DCACB5 /* LaunchScreen.storyboard in Resources */,
				0AEA5F5D222B2E5600DCACB5 /* GoogleService-Info.plist in Resources */,
				0AEA5F32222B167000DCACB5 /* Assets.xcassets in Resources */,
				0AEA5F30222B166E00DCACB5 /* Main.storyboard in Resources */,
			);
			runOnlyForDeploymentPostprocessing = 0;
		};
		0AEA5F39222B167100DCACB5 /* Resources */ = {
			isa = PBXResourcesBuildPhase;
			buildActionMask = 2147483647;
			files = (
			);
			runOnlyForDeploymentPostprocessing = 0;
		};
		0AEA5F44222B167100DCACB5 /* Resources */ = {
			isa = PBXResourcesBuildPhase;
			buildActionMask = 2147483647;
			files = (
			);
			runOnlyForDeploymentPostprocessing = 0;
		};
/* End PBXResourcesBuildPhase section */

/* Begin PBXShellScriptBuildPhase section */
		060C397198E1B622647129A6 /* [CP] Embed Pods Frameworks */ = {
			isa = PBXShellScriptBuildPhase;
			buildActionMask = 2147483647;
			files = (
			);
			inputPaths = (
				"${SRCROOT}/Pods/Target Support Files/Pods-BisBis/Pods-BisBis-frameworks.sh",
				"${BUILT_PRODUCTS_DIR}/Alamofire/Alamofire.framework",
				"${BUILT_PRODUCTS_DIR}/Alamofire-SwiftyJSON/Alamofire_SwiftyJSON.framework",
				"${BUILT_PRODUCTS_DIR}/GTMSessionFetcher/GTMSessionFetcher.framework",
				"${BUILT_PRODUCTS_DIR}/GoogleUtilities/GoogleUtilities.framework",
				"${BUILT_PRODUCTS_DIR}/SwiftyJSON/SwiftyJSON.framework",
				"${BUILT_PRODUCTS_DIR}/nanopb/nanopb.framework",
			);
			name = "[CP] Embed Pods Frameworks";
			outputPaths = (
				"${TARGET_BUILD_DIR}/${FRAMEWORKS_FOLDER_PATH}/Alamofire.framework",
				"${TARGET_BUILD_DIR}/${FRAMEWORKS_FOLDER_PATH}/Alamofire_SwiftyJSON.framework",
				"${TARGET_BUILD_DIR}/${FRAMEWORKS_FOLDER_PATH}/GTMSessionFetcher.framework",
				"${TARGET_BUILD_DIR}/${FRAMEWORKS_FOLDER_PATH}/GoogleUtilities.framework",
				"${TARGET_BUILD_DIR}/${FRAMEWORKS_FOLDER_PATH}/SwiftyJSON.framework",
				"${TARGET_BUILD_DIR}/${FRAMEWORKS_FOLDER_PATH}/nanopb.framework",
			);
			runOnlyForDeploymentPostprocessing = 0;
			shellPath = /bin/sh;
			shellScript = "\"${SRCROOT}/Pods/Target Support Files/Pods-BisBis/Pods-BisBis-frameworks.sh\"\n";
			showEnvVarsInLog = 0;
		};
		27B579B34D36394E75A23D54 /* [CP] Check Pods Manifest.lock */ = {
			isa = PBXShellScriptBuildPhase;
			buildActionMask = 2147483647;
			files = (
			);
			inputPaths = (
				"${PODS_PODFILE_DIR_PATH}/Podfile.lock",
				"${PODS_ROOT}/Manifest.lock",
			);
			name = "[CP] Check Pods Manifest.lock";
			outputPaths = (
				"$(DERIVED_FILE_DIR)/Pods-BisBisUITests-checkManifestLockResult.txt",
			);
			runOnlyForDeploymentPostprocessing = 0;
			shellPath = /bin/sh;
			shellScript = "diff \"${PODS_PODFILE_DIR_PATH}/Podfile.lock\" \"${PODS_ROOT}/Manifest.lock\" > /dev/null\nif [ $? != 0 ] ; then\n    # print error to STDERR\n    echo \"error: The sandbox is not in sync with the Podfile.lock. Run 'pod install' or update your CocoaPods installation.\" >&2\n    exit 1\nfi\n# This output is used by Xcode 'outputs' to avoid re-running this script phase.\necho \"SUCCESS\" > \"${SCRIPT_OUTPUT_FILE_0}\"\n";
			showEnvVarsInLog = 0;
		};
		8B9E62394BB72BB610B94AB5 /* [CP] Check Pods Manifest.lock */ = {
			isa = PBXShellScriptBuildPhase;
			buildActionMask = 2147483647;
			files = (
			);
			inputPaths = (
				"${PODS_PODFILE_DIR_PATH}/Podfile.lock",
				"${PODS_ROOT}/Manifest.lock",
			);
			name = "[CP] Check Pods Manifest.lock";
			outputPaths = (
				"$(DERIVED_FILE_DIR)/Pods-BisBis-checkManifestLockResult.txt",
			);
			runOnlyForDeploymentPostprocessing = 0;
			shellPath = /bin/sh;
			shellScript = "diff \"${PODS_PODFILE_DIR_PATH}/Podfile.lock\" \"${PODS_ROOT}/Manifest.lock\" > /dev/null\nif [ $? != 0 ] ; then\n    # print error to STDERR\n    echo \"error: The sandbox is not in sync with the Podfile.lock. Run 'pod install' or update your CocoaPods installation.\" >&2\n    exit 1\nfi\n# This output is used by Xcode 'outputs' to avoid re-running this script phase.\necho \"SUCCESS\" > \"${SCRIPT_OUTPUT_FILE_0}\"\n";
			showEnvVarsInLog = 0;
		};
		952BF23362BB9C2D71629B7C /* [CP] Check Pods Manifest.lock */ = {
			isa = PBXShellScriptBuildPhase;
			buildActionMask = 2147483647;
			files = (
			);
			inputPaths = (
				"${PODS_PODFILE_DIR_PATH}/Podfile.lock",
				"${PODS_ROOT}/Manifest.lock",
			);
			name = "[CP] Check Pods Manifest.lock";
			outputPaths = (
				"$(DERIVED_FILE_DIR)/Pods-BisBisTests-checkManifestLockResult.txt",
			);
			runOnlyForDeploymentPostprocessing = 0;
			shellPath = /bin/sh;
			shellScript = "diff \"${PODS_PODFILE_DIR_PATH}/Podfile.lock\" \"${PODS_ROOT}/Manifest.lock\" > /dev/null\nif [ $? != 0 ] ; then\n    # print error to STDERR\n    echo \"error: The sandbox is not in sync with the Podfile.lock. Run 'pod install' or update your CocoaPods installation.\" >&2\n    exit 1\nfi\n# This output is used by Xcode 'outputs' to avoid re-running this script phase.\necho \"SUCCESS\" > \"${SCRIPT_OUTPUT_FILE_0}\"\n";
			showEnvVarsInLog = 0;
		};
/* End PBXShellScriptBuildPhase section */

/* Begin PBXSourcesBuildPhase section */
		0AEA5F23222B166E00DCACB5 /* Sources */ = {
			isa = PBXSourcesBuildPhase;
			buildActionMask = 2147483647;
			files = (
				0AEA5F6E222BF68A00DCACB5 /* AlertModel.swift in Sources */,
				0AEA5F66222BE97500DCACB5 /* FirebaseAuth.swift in Sources */,
				0AD9B672222C20CE00353A83 /* CityBikeViewController.swift in Sources */,
				0A65C1732230343400C0676D /* NetworkModel.swift in Sources */,
				0AEA5F70222C171B00DCACB5 /* ForgetPasswordViewController.swift in Sources */,
				0AEA5F61222B31D800DCACB5 /* LoginViewController.swift in Sources */,
				0A65C175223034E900C0676D /* LocationModel.swift in Sources */,
				0AEA5F5F222B2F8300DCACB5 /* SignupViewController.swift in Sources */,
				0AEA5F74222C1EBB00DCACB5 /* Citybikes.swift in Sources */,
				0AEA5F2D222B166E00DCACB5 /* ViewController.swift in Sources */,
				0AEA5F63222BC3BF00DCACB5 /* UserModel.swift in Sources */,
				0AEA5F2B222B166E00DCACB5 /* AppDelegate.swift in Sources */,
				0AEA5F6C222BF59100DCACB5 /* ResponseModel.swift in Sources */,
				0AEA5F6A222BF18100DCACB5 /* AlertHelper.swift in Sources */,
			);
			runOnlyForDeploymentPostprocessing = 0;
		};
		0AEA5F37222B167100DCACB5 /* Sources */ = {
			isa = PBXSourcesBuildPhase;
			buildActionMask = 2147483647;
			files = (
				0AEA5F40222B167100DCACB5 /* BisBisTests.swift in Sources */,
			);
			runOnlyForDeploymentPostprocessing = 0;
		};
		0AEA5F42222B167100DCACB5 /* Sources */ = {
			isa = PBXSourcesBuildPhase;
			buildActionMask = 2147483647;
			files = (
				0AEA5F4B222B167100DCACB5 /* BisBisUITests.swift in Sources */,
			);
			runOnlyForDeploymentPostprocessing = 0;
		};
/* End PBXSourcesBuildPhase section */

/* Begin PBXTargetDependency section */
		0AEA5F3D222B167100DCACB5 /* PBXTargetDependency */ = {
			isa = PBXTargetDependency;
			target = 0AEA5F26222B166E00DCACB5 /* BisBis */;
			targetProxy = 0AEA5F3C222B167100DCACB5 /* PBXContainerItemProxy */;
		};
		0AEA5F48222B167100DCACB5 /* PBXTargetDependency */ = {
			isa = PBXTargetDependency;
			target = 0AEA5F26222B166E00DCACB5 /* BisBis */;
			targetProxy = 0AEA5F47222B167100DCACB5 /* PBXContainerItemProxy */;
		};
/* End PBXTargetDependency section */

/* Begin PBXVariantGroup section */
		0AEA5F2E222B166E00DCACB5 /* Main.storyboard */ = {
			isa = PBXVariantGroup;
			children = (
				0AEA5F2F222B166E00DCACB5 /* Base */,
			);
			name = Main.storyboard;
			sourceTree = "<group>";
		};
		0AEA5F33222B167000DCACB5 /* LaunchScreen.storyboard */ = {
			isa = PBXVariantGroup;
			children = (
				0AEA5F34222B167000DCACB5 /* Base */,
			);
			name = LaunchScreen.storyboard;
			sourceTree = "<group>";
		};
/* End PBXVariantGroup section */

/* Begin XCBuildConfiguration section */
		0AEA5F4D222B167100DCACB5 /* Debug */ = {
			isa = XCBuildConfiguration;
			buildSettings = {
				ALWAYS_SEARCH_USER_PATHS = NO;
				CLANG_ANALYZER_NONNULL = YES;
				CLANG_ANALYZER_NUMBER_OBJECT_CONVERSION = YES_AGGRESSIVE;
				CLANG_CXX_LANGUAGE_STANDARD = "gnu++14";
				CLANG_CXX_LIBRARY = "libc++";
				CLANG_ENABLE_MODULES = YES;
				CLANG_ENABLE_OBJC_ARC = YES;
				CLANG_ENABLE_OBJC_WEAK = YES;
				CLANG_WARN_BLOCK_CAPTURE_AUTORELEASING = YES;
				CLANG_WARN_BOOL_CONVERSION = YES;
				CLANG_WARN_COMMA = YES;
				CLANG_WARN_CONSTANT_CONVERSION = YES;
				CLANG_WARN_DEPRECATED_OBJC_IMPLEMENTATIONS = YES;
				CLANG_WARN_DIRECT_OBJC_ISA_USAGE = YES_ERROR;
				CLANG_WARN_DOCUMENTATION_COMMENTS = YES;
				CLANG_WARN_EMPTY_BODY = YES;
				CLANG_WARN_ENUM_CONVERSION = YES;
				CLANG_WARN_INFINITE_RECURSION = YES;
				CLANG_WARN_INT_CONVERSION = YES;
				CLANG_WARN_NON_LITERAL_NULL_CONVERSION = YES;
				CLANG_WARN_OBJC_IMPLICIT_RETAIN_SELF = YES;
				CLANG_WARN_OBJC_LITERAL_CONVERSION = YES;
				CLANG_WARN_OBJC_ROOT_CLASS = YES_ERROR;
				CLANG_WARN_RANGE_LOOP_ANALYSIS = YES;
				CLANG_WARN_STRICT_PROTOTYPES = YES;
				CLANG_WARN_SUSPICIOUS_MOVE = YES;
				CLANG_WARN_UNGUARDED_AVAILABILITY = YES_AGGRESSIVE;
				CLANG_WARN_UNREACHABLE_CODE = YES;
				CLANG_WARN__DUPLICATE_METHOD_MATCH = YES;
				CODE_SIGN_IDENTITY = "iPhone Developer";
				COPY_PHASE_STRIP = NO;
				DEBUG_INFORMATION_FORMAT = dwarf;
				ENABLE_STRICT_OBJC_MSGSEND = YES;
				ENABLE_TESTABILITY = YES;
				GCC_C_LANGUAGE_STANDARD = gnu11;
				GCC_DYNAMIC_NO_PIC = NO;
				GCC_NO_COMMON_BLOCKS = YES;
				GCC_OPTIMIZATION_LEVEL = 0;
				GCC_PREPROCESSOR_DEFINITIONS = (
					"DEBUG=1",
					"$(inherited)",
				);
				GCC_WARN_64_TO_32_BIT_CONVERSION = YES;
				GCC_WARN_ABOUT_RETURN_TYPE = YES_ERROR;
				GCC_WARN_UNDECLARED_SELECTOR = YES;
				GCC_WARN_UNINITIALIZED_AUTOS = YES_AGGRESSIVE;
				GCC_WARN_UNUSED_FUNCTION = YES;
				GCC_WARN_UNUSED_VARIABLE = YES;
				IPHONEOS_DEPLOYMENT_TARGET = 12.1;
				MTL_ENABLE_DEBUG_INFO = INCLUDE_SOURCE;
				MTL_FAST_MATH = YES;
				ONLY_ACTIVE_ARCH = YES;
				SDKROOT = iphoneos;
				SWIFT_ACTIVE_COMPILATION_CONDITIONS = DEBUG;
				SWIFT_OPTIMIZATION_LEVEL = "-Onone";
			};
			name = Debug;
		};
		0AEA5F4E222B167100DCACB5 /* Release */ = {
			isa = XCBuildConfiguration;
			buildSettings = {
				ALWAYS_SEARCH_USER_PATHS = NO;
				CLANG_ANALYZER_NONNULL = YES;
				CLANG_ANALYZER_NUMBER_OBJECT_CONVERSION = YES_AGGRESSIVE;
				CLANG_CXX_LANGUAGE_STANDARD = "gnu++14";
				CLANG_CXX_LIBRARY = "libc++";
				CLANG_ENABLE_MODULES = YES;
				CLANG_ENABLE_OBJC_ARC = YES;
				CLANG_ENABLE_OBJC_WEAK = YES;
				CLANG_WARN_BLOCK_CAPTURE_AUTORELEASING = YES;
				CLANG_WARN_BOOL_CONVERSION = YES;
				CLANG_WARN_COMMA = YES;
				CLANG_WARN_CONSTANT_CONVERSION = YES;
				CLANG_WARN_DEPRECATED_OBJC_IMPLEMENTATIONS = YES;
				CLANG_WARN_DIRECT_OBJC_ISA_USAGE = YES_ERROR;
				CLANG_WARN_DOCUMENTATION_COMMENTS = YES;
				CLANG_WARN_EMPTY_BODY = YES;
				CLANG_WARN_ENUM_CONVERSION = YES;
				CLANG_WARN_INFINITE_RECURSION = YES;
				CLANG_WARN_INT_CONVERSION = YES;
				CLANG_WARN_NON_LITERAL_NULL_CONVERSION = YES;
				CLANG_WARN_OBJC_IMPLICIT_RETAIN_SELF = YES;
				CLANG_WARN_OBJC_LITERAL_CONVERSION = YES;
				CLANG_WARN_OBJC_ROOT_CLASS = YES_ERROR;
				CLANG_WARN_RANGE_LOOP_ANALYSIS = YES;
				CLANG_WARN_STRICT_PROTOTYPES = YES;
				CLANG_WARN_SUSPICIOUS_MOVE = YES;
				CLANG_WARN_UNGUARDED_AVAILABILITY = YES_AGGRESSIVE;
				CLANG_WARN_UNREACHABLE_CODE = YES;
				CLANG_WARN__DUPLICATE_METHOD_MATCH = YES;
				CODE_SIGN_IDENTITY = "iPhone Developer";
				COPY_PHASE_STRIP = NO;
				DEBUG_INFORMATION_FORMAT = "dwarf-with-dsym";
				ENABLE_NS_ASSERTIONS = NO;
				ENABLE_STRICT_OBJC_MSGSEND = YES;
				GCC_C_LANGUAGE_STANDARD = gnu11;
				GCC_NO_COMMON_BLOCKS = YES;
				GCC_WARN_64_TO_32_BIT_CONVERSION = YES;
				GCC_WARN_ABOUT_RETURN_TYPE = YES_ERROR;
				GCC_WARN_UNDECLARED_SELECTOR = YES;
				GCC_WARN_UNINITIALIZED_AUTOS = YES_AGGRESSIVE;
				GCC_WARN_UNUSED_FUNCTION = YES;
				GCC_WARN_UNUSED_VARIABLE = YES;
				IPHONEOS_DEPLOYMENT_TARGET = 12.1;
				MTL_ENABLE_DEBUG_INFO = NO;
				MTL_FAST_MATH = YES;
				SDKROOT = iphoneos;
				SWIFT_COMPILATION_MODE = wholemodule;
				SWIFT_OPTIMIZATION_LEVEL = "-O";
				VALIDATE_PRODUCT = YES;
			};
			name = Release;
		};
		0AEA5F50222B167100DCACB5 /* Debug */ = {
			isa = XCBuildConfiguration;
			baseConfigurationReference = 489228BC1EFB974DE4094AF6 /* Pods-BisBis.debug.xcconfig */;
			buildSettings = {
				ASSETCATALOG_COMPILER_APPICON_NAME = AppIcon;
				CODE_SIGN_STYLE = Automatic;
				DEVELOPMENT_TEAM = D677J9K7QY;
				INFOPLIST_FILE = BisBis/Info.plist;
				LD_RUNPATH_SEARCH_PATHS = (
					"$(inherited)",
					"@executable_path/Frameworks",
				);
				PRODUCT_BUNDLE_IDENTIFIER = com.dapukay.BisBis;
				PRODUCT_NAME = "$(TARGET_NAME)";
				SWIFT_VERSION = 4.2;
				TARGETED_DEVICE_FAMILY = "1,2";
			};
			name = Debug;
		};
		0AEA5F51222B167100DCACB5 /* Release */ = {
			isa = XCBuildConfiguration;
			baseConfigurationReference = ED79AA0FA3E1067B7C49CE39 /* Pods-BisBis.release.xcconfig */;
			buildSettings = {
				ASSETCATALOG_COMPILER_APPICON_NAME = AppIcon;
				CODE_SIGN_STYLE = Automatic;
				DEVELOPMENT_TEAM = D677J9K7QY;
				INFOPLIST_FILE = BisBis/Info.plist;
				LD_RUNPATH_SEARCH_PATHS = (
					"$(inherited)",
					"@executable_path/Frameworks",
				);
				PRODUCT_BUNDLE_IDENTIFIER = com.dapukay.BisBis;
				PRODUCT_NAME = "$(TARGET_NAME)";
				SWIFT_VERSION = 4.2;
				TARGETED_DEVICE_FAMILY = "1,2";
			};
			name = Release;
		};
		0AEA5F53222B167100DCACB5 /* Debug */ = {
			isa = XCBuildConfiguration;
			baseConfigurationReference = E20943665D596D6907994496 /* Pods-BisBisTests.debug.xcconfig */;
			buildSettings = {
				ALWAYS_EMBED_SWIFT_STANDARD_LIBRARIES = YES;
				BUNDLE_LOADER = "$(TEST_HOST)";
				CODE_SIGN_STYLE = Automatic;
				DEVELOPMENT_TEAM = D677J9K7QY;
				INFOPLIST_FILE = BisBisTests/Info.plist;
				LD_RUNPATH_SEARCH_PATHS = (
					"$(inherited)",
					"@executable_path/Frameworks",
					"@loader_path/Frameworks",
				);
				PRODUCT_BUNDLE_IDENTIFIER = com.dapukay.BisBisTests;
				PRODUCT_NAME = "$(TARGET_NAME)";
				SWIFT_VERSION = 4.2;
				TARGETED_DEVICE_FAMILY = "1,2";
				TEST_HOST = "$(BUILT_PRODUCTS_DIR)/BisBis.app/BisBis";
			};
			name = Debug;
		};
		0AEA5F54222B167100DCACB5 /* Release */ = {
			isa = XCBuildConfiguration;
			baseConfigurationReference = 3A80B8040AE3DE71519AB036 /* Pods-BisBisTests.release.xcconfig */;
			buildSettings = {
				ALWAYS_EMBED_SWIFT_STANDARD_LIBRARIES = YES;
				BUNDLE_LOADER = "$(TEST_HOST)";
				CODE_SIGN_STYLE = Automatic;
				DEVELOPMENT_TEAM = D677J9K7QY;
				INFOPLIST_FILE = BisBisTests/Info.plist;
				LD_RUNPATH_SEARCH_PATHS = (
					"$(inherited)",
					"@executable_path/Frameworks",
					"@loader_path/Frameworks",
				);
				PRODUCT_BUNDLE_IDENTIFIER = com.dapukay.BisBisTests;
				PRODUCT_NAME = "$(TARGET_NAME)";
				SWIFT_VERSION = 4.2;
				TARGETED_DEVICE_FAMILY = "1,2";
				TEST_HOST = "$(BUILT_PRODUCTS_DIR)/BisBis.app/BisBis";
			};
			name = Release;
		};
		0AEA5F56222B167100DCACB5 /* Debug */ = {
			isa = XCBuildConfiguration;
			baseConfigurationReference = D6FB8278B55F9FBB02EFC5D8 /* Pods-BisBisUITests.debug.xcconfig */;
			buildSettings = {
				ALWAYS_EMBED_SWIFT_STANDARD_LIBRARIES = YES;
				CODE_SIGN_STYLE = Automatic;
				DEVELOPMENT_TEAM = D677J9K7QY;
				INFOPLIST_FILE = BisBisUITests/Info.plist;
				LD_RUNPATH_SEARCH_PATHS = (
					"$(inherited)",
					"@executable_path/Frameworks",
					"@loader_path/Frameworks",
				);
				PRODUCT_BUNDLE_IDENTIFIER = com.dapukay.BisBisUITests;
				PRODUCT_NAME = "$(TARGET_NAME)";
				SWIFT_VERSION = 4.2;
				TARGETED_DEVICE_FAMILY = "1,2";
				TEST_TARGET_NAME = BisBis;
			};
			name = Debug;
		};
		0AEA5F57222B167100DCACB5 /* Release */ = {
			isa = XCBuildConfiguration;
			baseConfigurationReference = 4F6C419EE3D52C8A0002972F /* Pods-BisBisUITests.release.xcconfig */;
			buildSettings = {
				ALWAYS_EMBED_SWIFT_STANDARD_LIBRARIES = YES;
				CODE_SIGN_STYLE = Automatic;
				DEVELOPMENT_TEAM = D677J9K7QY;
				INFOPLIST_FILE = BisBisUITests/Info.plist;
				LD_RUNPATH_SEARCH_PATHS = (
					"$(inherited)",
					"@executable_path/Frameworks",
					"@loader_path/Frameworks",
				);
				PRODUCT_BUNDLE_IDENTIFIER = com.dapukay.BisBisUITests;
				PRODUCT_NAME = "$(TARGET_NAME)";
				SWIFT_VERSION = 4.2;
				TARGETED_DEVICE_FAMILY = "1,2";
				TEST_TARGET_NAME = BisBis;
			};
			name = Release;
		};
/* End XCBuildConfiguration section */

/* Begin XCConfigurationList section */
		0AEA5F22222B166E00DCACB5 /* Build configuration list for PBXProject "BisBis" */ = {
			isa = XCConfigurationList;
			buildConfigurations = (
				0AEA5F4D222B167100DCACB5 /* Debug */,
				0AEA5F4E222B167100DCACB5 /* Release */,
			);
			defaultConfigurationIsVisible = 0;
			defaultConfigurationName = Release;
		};
		0AEA5F4F222B167100DCACB5 /* Build configuration list for PBXNativeTarget "BisBis" */ = {
			isa = XCConfigurationList;
			buildConfigurations = (
				0AEA5F50222B167100DCACB5 /* Debug */,
				0AEA5F51222B167100DCACB5 /* Release */,
			);
			defaultConfigurationIsVisible = 0;
			defaultConfigurationName = Release;
		};
		0AEA5F52222B167100DCACB5 /* Build configuration list for PBXNativeTarget "BisBisTests" */ = {
			isa = XCConfigurationList;
			buildConfigurations = (
				0AEA5F53222B167100DCACB5 /* Debug */,
				0AEA5F54222B167100DCACB5 /* Release */,
			);
			defaultConfigurationIsVisible = 0;
			defaultConfigurationName = Release;
		};
		0AEA5F55222B167100DCACB5 /* Build configuration list for PBXNativeTarget "BisBisUITests" */ = {
			isa = XCConfigurationList;
			buildConfigurations = (
				0AEA5F56222B167100DCACB5 /* Debug */,
				0AEA5F57222B167100DCACB5 /* Release */,
			);
			defaultConfigurationIsVisible = 0;
			defaultConfigurationName = Release;
		};
/* End XCConfigurationList section */
	};
	rootObject = 0AEA5F1F222B166E00DCACB5 /* Project object */;
}
